
Microsoft Visual Studio Solution File, Format Version 12.00
# Visual Studio 15
VisualStudioVersion = 15.0.27130.2036
MinimumVisualStudioVersion = 10.0.40219.1
Project("{FAE04EC0-301F-11D3-BF4B-00C04F79EFBC}") = "MasterDetail.Android", "MasterDetail\MasterDetail.Android\MasterDetail.Android.csproj", "{1BB64606-F2A6-49CA-BB24-825E4A815A65}"
EndProject
Project("{FAE04EC0-301F-11D3-BF4B-00C04F79EFBC}") = "MasterDetail", "MasterDetail\MasterDetail\MasterDetail.csproj", "{86923830-D709-407A-905C-EC0B9752DC20}"
EndProject
Global
	GlobalSection(SolutionConfigurationPlatforms) = preSolution
		Debug|Any CPU = Debug|Any CPU
		Release|Any CPU = Release|Any CPU
	EndGlobalSection
	GlobalSection(ProjectConfigurationPlatforms) = postSolution
		{1BB64606-F2A6-49CA-BB24-825E4A815A65}.Debug|Any CPU.ActiveCfg = Debug|Any CPU
		{1BB64606-F2A6-49CA-BB24-825E4A815A65}.Debug|Any CPU.Build.0 = Debug|Any CPU
		{1BB64606-F2A6-49CA-BB24-825E4A815A65}.Debug|Any CPU.Deploy.0 = Debug|Any CPU
		{1BB64606-F2A6-49CA-BB24-825E4A815A65}.Release|Any CPU.ActiveCfg = Release|Any CPU
		{1BB64606-F2A6-49CA-BB24-825E4A815A65}.Release|Any CPU.Build.0 = Release|Any CPU
		{1BB64606-F2A6-49CA-BB24-825E4A815A65}.Release|Any CPU.Deploy.0 = Release|Any CPU
		{86923830-D709-407A-905C-EC0B9752DC20}.Debug|Any CPU.ActiveCfg = Debug|Any CPU
		{86923830-D709-407A-905C-EC0B9752DC20}.Debug|Any CPU.Build.0 = Debug|Any CPU
		{86923830-D709-407A-905C-EC0B9752DC20}.Release|Any CPU.ActiveCfg = Release|Any CPU
		{86923830-D709-407A-905C-EC0B9752DC20}.Release|Any CPU.Build.0 = Release|Any CPU
	EndGlobalSection
	GlobalSection(SolutionProperties) = preSolution
		HideSolutionNode = FALSE
	EndGlobalSection
	GlobalSection(ExtensibilityGlobals) = postSolution
		SolutionGuid = {92B914B4-A560-4D14-990E-5D628DA69501}
	EndGlobalSection
EndGlobal
